
Microsoft Visual Studio Solution File, Format Version 12.00
# Visual Studio Version 17
VisualStudioVersion = 17.9.34616.47
MinimumVisualStudioVersion = 10.0.40219.1
Project("{FAE04EC0-301F-11D3-BF4B-00C04F79EFBC}") = "EightQueens", "EightQueens\EightQueens.csproj", "{AE3C13FD-A016-45A3-9036-9EEDD4DB7100}"
EndProject
Global
	GlobalSection(SolutionConfigurationPlatforms) = preSolution
		Debug|Any CPU = Debug|Any CPU
		Release|Any CPU = Release|Any CPU
	EndGlobalSection
	GlobalSection(ProjectConfigurationPlatforms) = postSolution
		{AE3C13FD-A016-45A3-9036-9EEDD4DB7100}.Debug|Any CPU.ActiveCfg = Debug|Any CPU
		{AE3C13FD-A016-45A3-9036-9EEDD4DB7100}.Debug|Any CPU.Build.0 = Debug|Any CPU
		{AE3C13FD-A016-45A3-9036-9EEDD4DB7100}.Release|Any CPU.ActiveCfg = Release|Any CPU
		{AE3C13FD-A016-45A3-9036-9EEDD4DB7100}.Release|Any CPU.Build.0 = Release|Any CPU
	EndGlobalSection
	GlobalSection(SolutionProperties) = preSolution
		HideSolutionNode = FALSE
	EndGlobalSection
	GlobalSection(ExtensibilityGlobals) = postSolution
		SolutionGuid = {7B2EFE14-8E7B-439A-AA68-FC6C682DEAC3}
	EndGlobalSection
EndGlobal
